
Microsoft Visual Studio Solution File, Format Version 12.00
# Visual Studio Version 17
VisualStudioVersion = 17.6.33829.357
MinimumVisualStudioVersion = 10.0.40219.1
Project("{FAE04EC0-301F-11D3-BF4B-00C04F79EFBC}") = "AppWithFunctionsInDependencies", "AppWithFunctionsInDependencies.csproj", "{EC74966C-70F6-470A-A6A9-2E7AF243F33E}"
EndProject
Global
	GlobalSection(SolutionConfigurationPlatforms) = preSolution
		Debug|Any CPU = Debug|Any CPU
		Release|Any CPU = Release|Any CPU
	EndGlobalSection
	GlobalSection(ProjectConfigurationPlatforms) = postSolution
		{EC74966C-70F6-470A-A6A9-2E7AF243F33E}.Debug|Any CPU.ActiveCfg = Debug|Any CPU
		{EC74966C-70F6-470A-A6A9-2E7AF243F33E}.Debug|Any CPU.Build.0 = Debug|Any CPU
		{EC74966C-70F6-470A-A6A9-2E7AF243F33E}.Release|Any CPU.ActiveCfg = Release|Any CPU
		{EC74966C-70F6-470A-A6A9-2E7AF243F33E}.Release|Any CPU.Build.0 = Release|Any CPU
	EndGlobalSection
	GlobalSection(SolutionProperties) = preSolution
		HideSolutionNode = FALSE
	EndGlobalSection
	GlobalSection(ExtensibilityGlobals) = postSolution
		SolutionGuid = {FF59E784-043D-4A8F-BBB2-AF2093FBFECF}
	EndGlobalSection
EndGlobal
